
Microsoft Visual Studio Solution File, Format Version 12.00
# Visual Studio Version 16
VisualStudioVersion = 16.0.30413.136
MinimumVisualStudioVersion = 10.0.40219.1
Project("{FAE04EC0-301F-11D3-BF4B-00C04F79EFBC}") = "lab4", "lab4\lab4.csproj", "{B2FE5E9C-0CE8-4ADA-9EAC-D5183C3A140A}"
EndProject
Global
	GlobalSection(SolutionConfigurationPlatforms) = preSolution
		Debug|Any CPU = Debug|Any CPU
		Release|Any CPU = Release|Any CPU
	EndGlobalSection
	GlobalSection(ProjectConfigurationPlatforms) = postSolution
		{B2FE5E9C-0CE8-4ADA-9EAC-D5183C3A140A}.Debug|Any CPU.ActiveCfg = Debug|Any CPU
		{B2FE5E9C-0CE8-4ADA-9EAC-D5183C3A140A}.Debug|Any CPU.Build.0 = Debug|Any CPU
		{B2FE5E9C-0CE8-4ADA-9EAC-D5183C3A140A}.Release|Any CPU.ActiveCfg = Release|Any CPU
		{B2FE5E9C-0CE8-4ADA-9EAC-D5183C3A140A}.Release|Any CPU.Build.0 = Release|Any CPU
	EndGlobalSection
	GlobalSection(SolutionProperties) = preSolution
		HideSolutionNode = FALSE
	EndGlobalSection
	GlobalSection(ExtensibilityGlobals) = postSolution
		SolutionGuid = {7629FA24-045F-42AE-8E84-5496DD48622F}
	EndGlobalSection
EndGlobal
