
Microsoft Visual Studio Solution File, Format Version 12.00
# Visual Studio Version 16
VisualStudioVersion = 16.0.31624.102
MinimumVisualStudioVersion = 10.0.40219.1
Project("{888888A0-9F3D-457C-B088-3A5042F75D52}") = "lab3.3", "lab3.3.pyproj", "{9F68C6EA-3314-4D7D-9192-D746A97E3020}"
EndProject
Global
	GlobalSection(SolutionConfigurationPlatforms) = preSolution
		Debug|Any CPU = Debug|Any CPU
		Release|Any CPU = Release|Any CPU
	EndGlobalSection
	GlobalSection(ProjectConfigurationPlatforms) = postSolution
		{9F68C6EA-3314-4D7D-9192-D746A97E3020}.Debug|Any CPU.ActiveCfg = Debug|Any CPU
		{9F68C6EA-3314-4D7D-9192-D746A97E3020}.Release|Any CPU.ActiveCfg = Release|Any CPU
	EndGlobalSection
	GlobalSection(SolutionProperties) = preSolution
		HideSolutionNode = FALSE
	EndGlobalSection
	GlobalSection(ExtensibilityGlobals) = postSolution
		SolutionGuid = {54DF8390-3BC2-4944-85CA-48B22E866621}
	EndGlobalSection
EndGlobal
