
Microsoft Visual Studio Solution File, Format Version 12.00
# Visual Studio Version 16
VisualStudioVersion = 16.0.30711.63
MinimumVisualStudioVersion = 10.0.40219.1
Project("{FAE04EC0-301F-11D3-BF4B-00C04F79EFBC}") = "lab10", "lab10\lab10.csproj", "{A3D9D7F6-F848-40E0-8CC5-05D024A12902}"
EndProject
Global
	GlobalSection(SolutionConfigurationPlatforms) = preSolution
		Debug|Any CPU = Debug|Any CPU
		Release|Any CPU = Release|Any CPU
	EndGlobalSection
	GlobalSection(ProjectConfigurationPlatforms) = postSolution
		{A3D9D7F6-F848-40E0-8CC5-05D024A12902}.Debug|Any CPU.ActiveCfg = Debug|Any CPU
		{A3D9D7F6-F848-40E0-8CC5-05D024A12902}.Debug|Any CPU.Build.0 = Debug|Any CPU
		{A3D9D7F6-F848-40E0-8CC5-05D024A12902}.Release|Any CPU.ActiveCfg = Release|Any CPU
		{A3D9D7F6-F848-40E0-8CC5-05D024A12902}.Release|Any CPU.Build.0 = Release|Any CPU
	EndGlobalSection
	GlobalSection(SolutionProperties) = preSolution
		HideSolutionNode = FALSE
	EndGlobalSection
	GlobalSection(ExtensibilityGlobals) = postSolution
		SolutionGuid = {7A89152C-5ADE-4694-A1D7-74098AC47AC0}
	EndGlobalSection
EndGlobal
