
Microsoft Visual Studio Solution File, Format Version 12.00
# Visual Studio Version 16
VisualStudioVersion = 16.0.30711.63
MinimumVisualStudioVersion = 10.0.40219.1
Project("{FAE04EC0-301F-11D3-BF4B-00C04F79EFBC}") = "lab6", "lab6\lab6.csproj", "{251B92E7-601D-40FB-ACD0-F549B94F03D6}"
EndProject
Global
	GlobalSection(SolutionConfigurationPlatforms) = preSolution
		Debug|Any CPU = Debug|Any CPU
		Release|Any CPU = Release|Any CPU
	EndGlobalSection
	GlobalSection(ProjectConfigurationPlatforms) = postSolution
		{251B92E7-601D-40FB-ACD0-F549B94F03D6}.Debug|Any CPU.ActiveCfg = Debug|Any CPU
		{251B92E7-601D-40FB-ACD0-F549B94F03D6}.Debug|Any CPU.Build.0 = Debug|Any CPU
		{251B92E7-601D-40FB-ACD0-F549B94F03D6}.Release|Any CPU.ActiveCfg = Release|Any CPU
		{251B92E7-601D-40FB-ACD0-F549B94F03D6}.Release|Any CPU.Build.0 = Release|Any CPU
	EndGlobalSection
	GlobalSection(SolutionProperties) = preSolution
		HideSolutionNode = FALSE
	EndGlobalSection
	GlobalSection(ExtensibilityGlobals) = postSolution
		SolutionGuid = {C1E42EF3-C1BC-4770-BCFB-434C8B2456F4}
	EndGlobalSection
EndGlobal
