
Microsoft Visual Studio Solution File, Format Version 12.00
# Visual Studio Version 16
VisualStudioVersion = 16.0.31624.102
MinimumVisualStudioVersion = 10.0.40219.1
Project("{888888A0-9F3D-457C-B088-3A5042F75D52}") = "lab1.3", "lab1.3.pyproj", "{6414D67C-B327-48CE-AEC4-E3C96D592FCB}"
EndProject
Global
	GlobalSection(SolutionConfigurationPlatforms) = preSolution
		Debug|Any CPU = Debug|Any CPU
		Release|Any CPU = Release|Any CPU
	EndGlobalSection
	GlobalSection(ProjectConfigurationPlatforms) = postSolution
		{6414D67C-B327-48CE-AEC4-E3C96D592FCB}.Debug|Any CPU.ActiveCfg = Debug|Any CPU
		{6414D67C-B327-48CE-AEC4-E3C96D592FCB}.Release|Any CPU.ActiveCfg = Release|Any CPU
	EndGlobalSection
	GlobalSection(SolutionProperties) = preSolution
		HideSolutionNode = FALSE
	EndGlobalSection
	GlobalSection(ExtensibilityGlobals) = postSolution
		SolutionGuid = {43C5FA12-5B7B-4422-AB92-7FC3F616419C}
	EndGlobalSection
EndGlobal
