
Microsoft Visual Studio Solution File, Format Version 12.00
# Visual Studio Version 16
VisualStudioVersion = 16.0.31624.102
MinimumVisualStudioVersion = 10.0.40219.1
Project("{888888A0-9F3D-457C-B088-3A5042F75D52}") = "lab1.4", "lab1.4.pyproj", "{78DE7758-EE22-49BC-BC7B-113C20342DC8}"
EndProject
Global
	GlobalSection(SolutionConfigurationPlatforms) = preSolution
		Debug|Any CPU = Debug|Any CPU
		Release|Any CPU = Release|Any CPU
	EndGlobalSection
	GlobalSection(ProjectConfigurationPlatforms) = postSolution
		{78DE7758-EE22-49BC-BC7B-113C20342DC8}.Debug|Any CPU.ActiveCfg = Debug|Any CPU
		{78DE7758-EE22-49BC-BC7B-113C20342DC8}.Release|Any CPU.ActiveCfg = Release|Any CPU
	EndGlobalSection
	GlobalSection(SolutionProperties) = preSolution
		HideSolutionNode = FALSE
	EndGlobalSection
	GlobalSection(ExtensibilityGlobals) = postSolution
		SolutionGuid = {4330B057-6E02-4B05-A8C6-075F23FD34FB}
	EndGlobalSection
EndGlobal
